
Microsoft Visual Studio Solution File, Format Version 12.00
# Visual Studio Version 16
VisualStudioVersion = 16.0.810.17
MinimumVisualStudioVersion = 10.0.40219.1
Project("{FAE04EC0-301F-11D3-BF4B-00C04F79EFBC}") = "ABC", "ABC\ABC.csproj", "{29C4AC27-5417-4B3B-8696-31D2D40D2189}"
EndProject
Global
	GlobalSection(SolutionConfigurationPlatforms) = preSolution
		Debug|Any CPU = Debug|Any CPU
		Release|Any CPU = Release|Any CPU
	EndGlobalSection
	GlobalSection(ProjectConfigurationPlatforms) = postSolution
		{29C4AC27-5417-4B3B-8696-31D2D40D2189}.Debug|Any CPU.ActiveCfg = Debug|Any CPU
		{29C4AC27-5417-4B3B-8696-31D2D40D2189}.Debug|Any CPU.Build.0 = Debug|Any CPU
		{29C4AC27-5417-4B3B-8696-31D2D40D2189}.Release|Any CPU.ActiveCfg = Release|Any CPU
		{29C4AC27-5417-4B3B-8696-31D2D40D2189}.Release|Any CPU.Build.0 = Release|Any CPU
	EndGlobalSection
	GlobalSection(SolutionProperties) = preSolution
		HideSolutionNode = FALSE
	EndGlobalSection
	GlobalSection(ExtensibilityGlobals) = postSolution
		SolutionGuid = {104795E2-88D4-45F7-B1ED-C54D7B1BC1B1}
	EndGlobalSection
EndGlobal
